
Microsoft Visual Studio Solution File, Format Version 12.00
# Visual Studio Version 16
VisualStudioVersion = 16.0.32901.82
MinimumVisualStudioVersion = 10.0.40219.1
Project("{FAE04EC0-301F-11D3-BF4B-00C04F79EFBC}") = "APIGateway", "APIGateway\APIGateway.csproj", "{B2315FB3-687C-414B-A90F-DA0DC8B8A7B0}"
EndProject
Global
	GlobalSection(SolutionConfigurationPlatforms) = preSolution
		Debug|Any CPU = Debug|Any CPU
		Release|Any CPU = Release|Any CPU
	EndGlobalSection
	GlobalSection(ProjectConfigurationPlatforms) = postSolution
		{B2315FB3-687C-414B-A90F-DA0DC8B8A7B0}.Debug|Any CPU.ActiveCfg = Debug|Any CPU
		{B2315FB3-687C-414B-A90F-DA0DC8B8A7B0}.Debug|Any CPU.Build.0 = Debug|Any CPU
		{B2315FB3-687C-414B-A90F-DA0DC8B8A7B0}.Release|Any CPU.ActiveCfg = Release|Any CPU
		{B2315FB3-687C-414B-A90F-DA0DC8B8A7B0}.Release|Any CPU.Build.0 = Release|Any CPU
	EndGlobalSection
	GlobalSection(SolutionProperties) = preSolution
		HideSolutionNode = FALSE
	EndGlobalSection
	GlobalSection(ExtensibilityGlobals) = postSolution
		SolutionGuid = {C0B3936E-9CA9-4BCD-BEE5-836A70B785E4}
	EndGlobalSection
EndGlobal
