
Microsoft Visual Studio Solution File, Format Version 12.00
# Visual Studio Version 16
VisualStudioVersion = 16.0.32901.82
MinimumVisualStudioVersion = 10.0.40219.1
Project("{9A19103F-16F7-4668-BE54-9A1E7A4F7556}") = "ProductService", "ProductService\ProductService.csproj", "{B555D5B1-4A45-44DE-A55E-40C555EBBBCD}"
EndProject
Project("{9A19103F-16F7-4668-BE54-9A1E7A4F7556}") = "ProductDto", "..\ProductDetailService\ProductDto\ProductDto.csproj", "{281C1D08-ADF2-410A-A355-2116683F40CE}"
EndProject
Global
	GlobalSection(SolutionConfigurationPlatforms) = preSolution
		Debug|Any CPU = Debug|Any CPU
		Release|Any CPU = Release|Any CPU
	EndGlobalSection
	GlobalSection(ProjectConfigurationPlatforms) = postSolution
		{B555D5B1-4A45-44DE-A55E-40C555EBBBCD}.Debug|Any CPU.ActiveCfg = Debug|Any CPU
		{B555D5B1-4A45-44DE-A55E-40C555EBBBCD}.Debug|Any CPU.Build.0 = Debug|Any CPU
		{B555D5B1-4A45-44DE-A55E-40C555EBBBCD}.Release|Any CPU.ActiveCfg = Release|Any CPU
		{B555D5B1-4A45-44DE-A55E-40C555EBBBCD}.Release|Any CPU.Build.0 = Release|Any CPU
		{281C1D08-ADF2-410A-A355-2116683F40CE}.Debug|Any CPU.ActiveCfg = Debug|Any CPU
		{281C1D08-ADF2-410A-A355-2116683F40CE}.Debug|Any CPU.Build.0 = Debug|Any CPU
		{281C1D08-ADF2-410A-A355-2116683F40CE}.Release|Any CPU.ActiveCfg = Release|Any CPU
		{281C1D08-ADF2-410A-A355-2116683F40CE}.Release|Any CPU.Build.0 = Release|Any CPU
	EndGlobalSection
	GlobalSection(SolutionProperties) = preSolution
		HideSolutionNode = FALSE
	EndGlobalSection
	GlobalSection(ExtensibilityGlobals) = postSolution
		SolutionGuid = {8A0F2B42-FCC1-466F-9ED6-0F7E33F4709C}
	EndGlobalSection
EndGlobal
